# This file was autogenerated by Stack.
# You should not edit this file by hand.
# For more information, please see the documentation at:
#   https://docs.haskellstack.org/en/stable/lock_files

packages:
- completed:
    commit: 05c5d6c9b5d0649ad5da59b67cb0328fe82e7ed6
    git: https://github.com/Deltaspace0/monomer.git
    name: monomer
    pantry-tree:
      sha256: 971b266b84d4fa7831caad974a222f16123ac8cac56dcee768c70fe4a5cfaea9
      size: 18557
    version: 1.5.1.0
  original:
    commit: 05c5d6c9b5d0649ad5da59b67cb0328fe82e7ed6
    git: https://github.com/Deltaspace0/monomer.git
- completed:
    hackage: nanovg-0.8.1.0@sha256:9131db15822c6593aa73946b56593eb0a14a0d044395bcdfd4fe2d3e6edb6759,4742
    pantry-tree:
      sha256: b83e640d56213061f632a76012a63625d76ceacf905bb8cee6ee03f981047c03
      size: 2558
  original:
    hackage: nanovg-0.8.1.0
- completed:
    commit: 1849739f02aa111f59eb60dace245133d09db609
    git: https://github.com/Deltaspace0/monomer-widgets.git
    name: monomer-widgets
    pantry-tree:
      sha256: 880b4a02431de9737c1ea0261a1cc62e76dcb330cf7a0e6dcbf03696dfa0eea0
      size: 6279
    version: 0.1.0.0
  original:
    commit: 1849739f02aa111f59eb60dace245133d09db609
    git: https://github.com/Deltaspace0/monomer-widgets.git
snapshots:
- completed:
    sha256: 401a0e813162ba62f04517f60c7d25e93a0f867f94a902421ebf07d1fb5a8c46
    size: 650044
    url: https://raw.githubusercontent.com/commercialhaskell/stackage-snapshots/master/lts/20/21.yaml
  original:
    url: https://raw.githubusercontent.com/commercialhaskell/stackage-snapshots/master/lts/20/21.yaml
